// !$*UTF8*$!
{
	archiveVersion = 1;
	classes = {
	};
	objectVersion = 56;
	objects = {

/* Begin PBXBuildFile section */
		B402D4832AC46C1E0086E43C /* KarloUITests.swift in Sources */ = {isa = PBXBuildFile; fileRef = B402D4822AC46C1E0086E43C /* KarloUITests.swift */; };
		B402D4852AC46C1E0086E43C /* KarloUITestsLaunchTests.swift in Sources */ = {isa = PBXBuildFile; fileRef = B402D4842AC46C1E0086E43C /* KarloUITestsLaunchTests.swift */; };
		B402D4BE2AC46D950086E43C /* APIConstant.swift in Sources */ = {isa = PBXBuildFile; fileRef = B402D4932AC46D930086E43C /* APIConstant.swift */; };
		B402D4BF2AC46D950086E43C /* SampleData.swift in Sources */ = {isa = PBXBuildFile; fileRef = B402D4942AC46D930086E43C /* SampleData.swift */; };
		B402D4C02AC46D950086E43C /* KarloAPIService.swift in Sources */ = {isa = PBXBuildFile; fileRef = B402D4952AC46D930086E43C /* KarloAPIService.swift */; };
		B402D4C22AC46D950086E43C /* KarloResponse.swift in Sources */ = {isa = PBXBuildFile; fileRef = B402D4992AC46D930086E43C /* KarloResponse.swift */; };
		B402D4C32AC46D950086E43C /* ImageTransformation.swift in Sources */ = {isa = PBXBuildFile; fileRef = B402D49A2AC46D930086E43C /* ImageTransformation.swift */; };
		B402D4C42AC46D950086E43C /* ImageConfiguration.swift in Sources */ = {isa = PBXBuildFile; fileRef = B402D49B2AC46D930086E43C /* ImageConfiguration.swift */; };
		B402D4C52AC46D950086E43C /* ImageSaveError.swift in Sources */ = {isa = PBXBuildFile; fileRef = B402D49D2AC46D930086E43C /* ImageSaveError.swift */; };
		B402D4C62AC46D950086E43C /* KeywordError.swift in Sources */ = {isa = PBXBuildFile; fileRef = B402D49E2AC46D930086E43C /* KeywordError.swift */; };
		B402D4C72AC46D950086E43C /* NetworkError.swift in Sources */ = {isa = PBXBuildFile; fileRef = B402D49F2AC46D930086E43C /* NetworkError.swift */; };
		B402D4C82AC46D950086E43C /* AppConstant.swift in Sources */ = {isa = PBXBuildFile; fileRef = B402D4A12AC46D940086E43C /* AppConstant.swift */; };
		B402D4C92AC46D950086E43C /* KarloApp.swift in Sources */ = {isa = PBXBuildFile; fileRef = B402D4A22AC46D940086E43C /* KarloApp.swift */; };
		B402D4CA2AC46D950086E43C /* SampleImageData.txt in Resources */ = {isa = PBXBuildFile; fileRef = B402D4A42AC46D940086E43C /* SampleImageData.txt */; };
		B402D4CB2AC46D950086E43C /* Assets.xcassets in Resources */ = {isa = PBXBuildFile; fileRef = B402D4A52AC46D940086E43C /* Assets.xcassets */; };
		B402D4CC2AC46D950086E43C /* Secret.plist in Resources */ = {isa = PBXBuildFile; fileRef = B402D4A62AC46D940086E43C /* Secret.plist */; };
		B402D4CD2AC46D950086E43C /* ImageManager.swift in Sources */ = {isa = PBXBuildFile; fileRef = B402D4A82AC46D940086E43C /* ImageManager.swift */; };
		B402D4CE2AC46D950086E43C /* String+.swift in Sources */ = {isa = PBXBuildFile; fileRef = B402D4AA2AC46D940086E43C /* String+.swift */; };
		B402D4CF2AC46D950086E43C /* URL+.swift in Sources */ = {isa = PBXBuildFile; fileRef = B402D4AB2AC46D940086E43C /* URL+.swift */; };
		B402D4D02AC46D950086E43C /* Bundle+.swift in Sources */ = {isa = PBXBuildFile; fileRef = B402D4AC2AC46D940086E43C /* Bundle+.swift */; };
		B402D4D12AC46D950086E43C /* URLRequest+.swift in Sources */ = {isa = PBXBuildFile; fileRef = B402D4AD2AC46D940086E43C /* URLRequest+.swift */; };
		B402D4D22AC46D950086E43C /* UIScreen+.swift in Sources */ = {isa = PBXBuildFile; fileRef = B402D4AE2AC46D940086E43C /* UIScreen+.swift */; };
		B402D4D32AC46D950086E43C /* Root.swift in Sources */ = {isa = PBXBuildFile; fileRef = B402D4B12AC46D940086E43C /* Root.swift */; };
		B402D4D42AC46D950086E43C /* RootView.swift in Sources */ = {isa = PBXBuildFile; fileRef = B402D4B22AC46D940086E43C /* RootView.swift */; };
		B402D4D52AC46D950086E43C /* AlbumFeature.swift in Sources */ = {isa = PBXBuildFile; fileRef = B402D4B42AC46D940086E43C /* AlbumFeature.swift */; };
		B402D4D62AC46D950086E43C /* AlbumView.swift in Sources */ = {isa = PBXBuildFile; fileRef = B402D4B52AC46D940086E43C /* AlbumView.swift */; };
		B402D4D72AC46D950086E43C /* ImageGenerateFeature.swift in Sources */ = {isa = PBXBuildFile; fileRef = B402D4B72AC46D940086E43C /* ImageGenerateFeature.swift */; };
		B402D4D82AC46D950086E43C /* KeywordTag.swift in Sources */ = {isa = PBXBuildFile; fileRef = B402D4B92AC46D940086E43C /* KeywordTag.swift */; };
		B402D4D92AC46D950086E43C /* KeywordInputView.swift in Sources */ = {isa = PBXBuildFile; fileRef = B402D4BA2AC46D940086E43C /* KeywordInputView.swift */; };
		B402D4DA2AC46D950086E43C /* KeywordTagFeature.swift in Sources */ = {isa = PBXBuildFile; fileRef = B402D4BB2AC46D940086E43C /* KeywordTagFeature.swift */; };
		B402D4DB2AC46D950086E43C /* KeywordTagView.swift in Sources */ = {isa = PBXBuildFile; fileRef = B402D4BC2AC46D940086E43C /* KeywordTagView.swift */; };
		B402D4DC2AC46D950086E43C /* ImageGenerateView.swift in Sources */ = {isa = PBXBuildFile; fileRef = B402D4BD2AC46D940086E43C /* ImageGenerateView.swift */; };
		B42067F12AC46DD2004A3BEB /* Preview Assets.xcassets in Resources */ = {isa = PBXBuildFile; fileRef = B42067F02AC46DD2004A3BEB /* Preview Assets.xcassets */; };
		B42067F42AC46DF5004A3BEB /* ComposableArchitecture in Frameworks */ = {isa = PBXBuildFile; productRef = B42067F32AC46DF5004A3BEB /* ComposableArchitecture */; };
		B42067F62AC46F58004A3BEB /* ImageGenerationFeatureTests.swift in Sources */ = {isa = PBXBuildFile; fileRef = B42067F52AC46F58004A3BEB /* ImageGenerationFeatureTests.swift */; };
		B47AD5C22ACD46D400D9A5FD /* TagStore.swift in Sources */ = {isa = PBXBuildFile; fileRef = B47AD5C12ACD46D400D9A5FD /* TagStore.swift */; };
		B48913F12AC805E00032C74C /* KeywordTagFeatureTests.swift in Sources */ = {isa = PBXBuildFile; fileRef = B48913F02AC805E00032C74C /* KeywordTagFeatureTests.swift */; };
/* End PBXBuildFile section */

/* Begin PBXContainerItemProxy section */
		B402D4752AC46C1E0086E43C /* PBXContainerItemProxy */ = {
			isa = PBXContainerItemProxy;
			containerPortal = B402D45C2AC46C1D0086E43C /* Project object */;
			proxyType = 1;
			remoteGlobalIDString = B402D4632AC46C1D0086E43C;
			remoteInfo = Karlo;
		};
		B402D47F2AC46C1E0086E43C /* PBXContainerItemProxy */ = {
			isa = PBXContainerItemProxy;
			containerPortal = B402D45C2AC46C1D0086E43C /* Project object */;
			proxyType = 1;
			remoteGlobalIDString = B402D4632AC46C1D0086E43C;
			remoteInfo = Karlo;
		};
/* End PBXContainerItemProxy section */

/* Begin PBXFileReference section */
		B402D4642AC46C1D0086E43C /* Karlo.app */ = {isa = PBXFileReference; explicitFileType = wrapper.application; includeInIndex = 0; path = Karlo.app; sourceTree = BUILT_PRODUCTS_DIR; };
		B402D4742AC46C1E0086E43C /* KarloTests.xctest */ = {isa = PBXFileReference; explicitFileType = wrapper.cfbundle; includeInIndex = 0; path = KarloTests.xctest; sourceTree = BUILT_PRODUCTS_DIR; };
		B402D47E2AC46C1E0086E43C /* KarloUITests.xctest */ = {isa = PBXFileReference; explicitFileType = wrapper.cfbundle; includeInIndex = 0; path = KarloUITests.xctest; sourceTree = BUILT_PRODUCTS_DIR; };
		B402D4822AC46C1E0086E43C /* KarloUITests.swift */ = {isa = PBXFileReference; lastKnownFileType = sourcecode.swift; path = KarloUITests.swift; sourceTree = "<group>"; };
		B402D4842AC46C1E0086E43C /* KarloUITestsLaunchTests.swift */ = {isa = PBXFileReference; lastKnownFileType = sourcecode.swift; path = KarloUITestsLaunchTests.swift; sourceTree = "<group>"; };
		B402D4912AC46C400086E43C /* Karlo.xctestplan */ = {isa = PBXFileReference; lastKnownFileType = text; path = Karlo.xctestplan; sourceTree = "<group>"; };
		B402D4932AC46D930086E43C /* APIConstant.swift */ = {isa = PBXFileReference; fileEncoding = 4; lastKnownFileType = sourcecode.swift; path = APIConstant.swift; sourceTree = "<group>"; };
		B402D4942AC46D930086E43C /* SampleData.swift */ = {isa = PBXFileReference; fileEncoding = 4; lastKnownFileType = sourcecode.swift; path = SampleData.swift; sourceTree = "<group>"; };
		B402D4952AC46D930086E43C /* KarloAPIService.swift */ = {isa = PBXFileReference; fileEncoding = 4; lastKnownFileType = sourcecode.swift; path = KarloAPIService.swift; sourceTree = "<group>"; };
		B402D4992AC46D930086E43C /* KarloResponse.swift */ = {isa = PBXFileReference; fileEncoding = 4; lastKnownFileType = sourcecode.swift; path = KarloResponse.swift; sourceTree = "<group>"; };
		B402D49A2AC46D930086E43C /* ImageTransformation.swift */ = {isa = PBXFileReference; fileEncoding = 4; lastKnownFileType = sourcecode.swift; path = ImageTransformation.swift; sourceTree = "<group>"; };
		B402D49B2AC46D930086E43C /* ImageConfiguration.swift */ = {isa = PBXFileReference; fileEncoding = 4; lastKnownFileType = sourcecode.swift; path = ImageConfiguration.swift; sourceTree = "<group>"; };
		B402D49D2AC46D930086E43C /* ImageSaveError.swift */ = {isa = PBXFileReference; fileEncoding = 4; lastKnownFileType = sourcecode.swift; path = ImageSaveError.swift; sourceTree = "<group>"; };
		B402D49E2AC46D930086E43C /* KeywordError.swift */ = {isa = PBXFileReference; fileEncoding = 4; lastKnownFileType = sourcecode.swift; path = KeywordError.swift; sourceTree = "<group>"; };
		B402D49F2AC46D930086E43C /* NetworkError.swift */ = {isa = PBXFileReference; fileEncoding = 4; lastKnownFileType = sourcecode.swift; path = NetworkError.swift; sourceTree = "<group>"; };
		B402D4A12AC46D940086E43C /* AppConstant.swift */ = {isa = PBXFileReference; fileEncoding = 4; lastKnownFileType = sourcecode.swift; path = AppConstant.swift; sourceTree = "<group>"; };
		B402D4A22AC46D940086E43C /* KarloApp.swift */ = {isa = PBXFileReference; fileEncoding = 4; lastKnownFileType = sourcecode.swift; path = KarloApp.swift; sourceTree = "<group>"; };
		B402D4A42AC46D940086E43C /* SampleImageData.txt */ = {isa = PBXFileReference; fileEncoding = 4; lastKnownFileType = text; path = SampleImageData.txt; sourceTree = "<group>"; };
		B402D4A52AC46D940086E43C /* Assets.xcassets */ = {isa = PBXFileReference; lastKnownFileType = folder.assetcatalog; path = Assets.xcassets; sourceTree = "<group>"; };
		B402D4A62AC46D940086E43C /* Secret.plist */ = {isa = PBXFileReference; fileEncoding = 4; lastKnownFileType = text.plist.xml; path = Secret.plist; sourceTree = "<group>"; };
		B402D4A82AC46D940086E43C /* ImageManager.swift */ = {isa = PBXFileReference; fileEncoding = 4; lastKnownFileType = sourcecode.swift; path = ImageManager.swift; sourceTree = "<group>"; };
		B402D4AA2AC46D940086E43C /* String+.swift */ = {isa = PBXFileReference; fileEncoding = 4; lastKnownFileType = sourcecode.swift; path = "String+.swift"; sourceTree = "<group>"; };
		B402D4AB2AC46D940086E43C /* URL+.swift */ = {isa = PBXFileReference; fileEncoding = 4; lastKnownFileType = sourcecode.swift; path = "URL+.swift"; sourceTree = "<group>"; };
		B402D4AC2AC46D940086E43C /* Bundle+.swift */ = {isa = PBXFileReference; fileEncoding = 4; lastKnownFileType = sourcecode.swift; path = "Bundle+.swift"; sourceTree = "<group>"; };
		B402D4AD2AC46D940086E43C /* URLRequest+.swift */ = {isa = PBXFileReference; fileEncoding = 4; lastKnownFileType = sourcecode.swift; path = "URLRequest+.swift"; sourceTree = "<group>"; };
		B402D4AE2AC46D940086E43C /* UIScreen+.swift */ = {isa = PBXFileReference; fileEncoding = 4; lastKnownFileType = sourcecode.swift; path = "UIScreen+.swift"; sourceTree = "<group>"; };
		B402D4B12AC46D940086E43C /* Root.swift */ = {isa = PBXFileReference; fileEncoding = 4; lastKnownFileType = sourcecode.swift; path = Root.swift; sourceTree = "<group>"; };
		B402D4B22AC46D940086E43C /* RootView.swift */ = {isa = PBXFileReference; fileEncoding = 4; lastKnownFileType = sourcecode.swift; path = RootView.swift; sourceTree = "<group>"; };
		B402D4B42AC46D940086E43C /* AlbumFeature.swift */ = {isa = PBXFileReference; fileEncoding = 4; lastKnownFileType = sourcecode.swift; path = AlbumFeature.swift; sourceTree = "<group>"; };
		B402D4B52AC46D940086E43C /* AlbumView.swift */ = {isa = PBXFileReference; fileEncoding = 4; lastKnownFileType = sourcecode.swift; path = AlbumView.swift; sourceTree = "<group>"; };
		B402D4B72AC46D940086E43C /* ImageGenerateFeature.swift */ = {isa = PBXFileReference; fileEncoding = 4; lastKnownFileType = sourcecode.swift; path = ImageGenerateFeature.swift; sourceTree = "<group>"; };
		B402D4B92AC46D940086E43C /* KeywordTag.swift */ = {isa = PBXFileReference; fileEncoding = 4; lastKnownFileType = sourcecode.swift; path = KeywordTag.swift; sourceTree = "<group>"; };
		B402D4BA2AC46D940086E43C /* KeywordInputView.swift */ = {isa = PBXFileReference; fileEncoding = 4; lastKnownFileType = sourcecode.swift; path = KeywordInputView.swift; sourceTree = "<group>"; };
		B402D4BB2AC46D940086E43C /* KeywordTagFeature.swift */ = {isa = PBXFileReference; fileEncoding = 4; lastKnownFileType = sourcecode.swift; path = KeywordTagFeature.swift; sourceTree = "<group>"; };
		B402D4BC2AC46D940086E43C /* KeywordTagView.swift */ = {isa = PBXFileReference; fileEncoding = 4; lastKnownFileType = sourcecode.swift; path = KeywordTagView.swift; sourceTree = "<group>"; };
		B402D4BD2AC46D940086E43C /* ImageGenerateView.swift */ = {isa = PBXFileReference; fileEncoding = 4; lastKnownFileType = sourcecode.swift; path = ImageGenerateView.swift; sourceTree = "<group>"; };
		B42067F02AC46DD2004A3BEB /* Preview Assets.xcassets */ = {isa = PBXFileReference; lastKnownFileType = folder.assetcatalog; path = "Preview Assets.xcassets"; sourceTree = "<group>"; };
		B42067F52AC46F58004A3BEB /* ImageGenerationFeatureTests.swift */ = {isa = PBXFileReference; lastKnownFileType = sourcecode.swift; path = ImageGenerationFeatureTests.swift; sourceTree = "<group>"; };
		B47AD5C12ACD46D400D9A5FD /* TagStore.swift */ = {isa = PBXFileReference; lastKnownFileType = sourcecode.swift; path = TagStore.swift; sourceTree = "<group>"; };
		B48913F02AC805E00032C74C /* KeywordTagFeatureTests.swift */ = {isa = PBXFileReference; lastKnownFileType = sourcecode.swift; path = KeywordTagFeatureTests.swift; sourceTree = "<group>"; };
/* End PBXFileReference section */

/* Begin PBXFrameworksBuildPhase section */
		B402D4612AC46C1D0086E43C /* Frameworks */ = {
			isa = PBXFrameworksBuildPhase;
			buildActionMask = 2147483647;
			files = (
				B42067F42AC46DF5004A3BEB /* ComposableArchitecture in Frameworks */,
			);
			runOnlyForDeploymentPostprocessing = 0;
		};
		B402D4712AC46C1E0086E43C /* Frameworks */ = {
			isa = PBXFrameworksBuildPhase;
			buildActionMask = 2147483647;
			files = (
			);
			runOnlyForDeploymentPostprocessing = 0;
		};
		B402D47B2AC46C1E0086E43C /* Frameworks */ = {
			isa = PBXFrameworksBuildPhase;
			buildActionMask = 2147483647;
			files = (
			);
			runOnlyForDeploymentPostprocessing = 0;
		};
/* End PBXFrameworksBuildPhase section */

/* Begin PBXGroup section */
		B402D45B2AC46C1D0086E43C = {
			isa = PBXGroup;
			children = (
				B402D4912AC46C400086E43C /* Karlo.xctestplan */,
				B402D4662AC46C1D0086E43C /* Karlo */,
				B402D4772AC46C1E0086E43C /* KarloTests */,
				B402D4812AC46C1E0086E43C /* KarloUITests */,
				B402D4652AC46C1D0086E43C /* Products */,
			);
			sourceTree = "<group>";
		};
		B402D4652AC46C1D0086E43C /* Products */ = {
			isa = PBXGroup;
			children = (
				B402D4642AC46C1D0086E43C /* Karlo.app */,
				B402D4742AC46C1E0086E43C /* KarloTests.xctest */,
				B402D47E2AC46C1E0086E43C /* KarloUITests.xctest */,
			);
			name = Products;
			sourceTree = "<group>";
		};
		B402D4662AC46C1D0086E43C /* Karlo */ = {
			isa = PBXGroup;
			children = (
				B402D4A02AC46D940086E43C /* App */,
				B402D4AF2AC46D940086E43C /* View */,
				B402D4982AC46D930086E43C /* Model */,
				B402D4922AC46D930086E43C /* Network */,
				B402D49C2AC46D930086E43C /* Error */,
				B402D4A92AC46D940086E43C /* Extension */,
				B402D4A72AC46D940086E43C /* Util */,
				B402D4962AC46D930086E43C /* Preview Content */,
				B402D4A32AC46D940086E43C /* Resource */,
			);
			path = Karlo;
			sourceTree = "<group>";
		};
		B402D4772AC46C1E0086E43C /* KarloTests */ = {
			isa = PBXGroup;
			children = (
				B42067F52AC46F58004A3BEB /* ImageGenerationFeatureTests.swift */,
				B48913F02AC805E00032C74C /* KeywordTagFeatureTests.swift */,
			);
			path = KarloTests;
			sourceTree = "<group>";
		};
		B402D4812AC46C1E0086E43C /* KarloUITests */ = {
			isa = PBXGroup;
			children = (
				B402D4822AC46C1E0086E43C /* KarloUITests.swift */,
				B402D4842AC46C1E0086E43C /* KarloUITestsLaunchTests.swift */,
			);
			path = KarloUITests;
			sourceTree = "<group>";
		};
		B402D4922AC46D930086E43C /* Network */ = {
			isa = PBXGroup;
			children = (
				B402D4932AC46D930086E43C /* APIConstant.swift */,
				B402D4942AC46D930086E43C /* SampleData.swift */,
				B402D4952AC46D930086E43C /* KarloAPIService.swift */,
			);
			path = Network;
			sourceTree = "<group>";
		};
		B402D4962AC46D930086E43C /* Preview Content */ = {
			isa = PBXGroup;
			children = (
				B42067F02AC46DD2004A3BEB /* Preview Assets.xcassets */,
			);
			path = "Preview Content";
			sourceTree = "<group>";
		};
		B402D4982AC46D930086E43C /* Model */ = {
			isa = PBXGroup;
			children = (
				B402D4992AC46D930086E43C /* KarloResponse.swift */,
				B402D49A2AC46D930086E43C /* ImageTransformation.swift */,
				B402D49B2AC46D930086E43C /* ImageConfiguration.swift */,
			);
			path = Model;
			sourceTree = "<group>";
		};
		B402D49C2AC46D930086E43C /* Error */ = {
			isa = PBXGroup;
			children = (
				B402D49D2AC46D930086E43C /* ImageSaveError.swift */,
				B402D49E2AC46D930086E43C /* KeywordError.swift */,
				B402D49F2AC46D930086E43C /* NetworkError.swift */,
			);
			path = Error;
			sourceTree = "<group>";
		};
		B402D4A02AC46D940086E43C /* App */ = {
			isa = PBXGroup;
			children = (
				B402D4A12AC46D940086E43C /* AppConstant.swift */,
				B402D4A22AC46D940086E43C /* KarloApp.swift */,
			);
			path = App;
			sourceTree = "<group>";
		};
		B402D4A32AC46D940086E43C /* Resource */ = {
			isa = PBXGroup;
			children = (
				B402D4A42AC46D940086E43C /* SampleImageData.txt */,
				B402D4A52AC46D940086E43C /* Assets.xcassets */,
				B402D4A62AC46D940086E43C /* Secret.plist */,
			);
			path = Resource;
			sourceTree = "<group>";
		};
		B402D4A72AC46D940086E43C /* Util */ = {
			isa = PBXGroup;
			children = (
				B402D4A82AC46D940086E43C /* ImageManager.swift */,
			);
			path = Util;
			sourceTree = "<group>";
		};
		B402D4A92AC46D940086E43C /* Extension */ = {
			isa = PBXGroup;
			children = (
				B402D4AA2AC46D940086E43C /* String+.swift */,
				B402D4AB2AC46D940086E43C /* URL+.swift */,
				B402D4AC2AC46D940086E43C /* Bundle+.swift */,
				B402D4AD2AC46D940086E43C /* URLRequest+.swift */,
				B402D4AE2AC46D940086E43C /* UIScreen+.swift */,
			);
			path = Extension;
			sourceTree = "<group>";
		};
		B402D4AF2AC46D940086E43C /* View */ = {
			isa = PBXGroup;
			children = (
				B402D4B02AC46D940086E43C /* Root */,
				B402D4B62AC46D940086E43C /* Generation */,
				B402D4B32AC46D940086E43C /* Album */,
			);
			path = View;
			sourceTree = "<group>";
		};
		B402D4B02AC46D940086E43C /* Root */ = {
			isa = PBXGroup;
			children = (
				B402D4B12AC46D940086E43C /* Root.swift */,
				B402D4B22AC46D940086E43C /* RootView.swift */,
			);
			path = Root;
			sourceTree = "<group>";
		};
		B402D4B32AC46D940086E43C /* Album */ = {
			isa = PBXGroup;
			children = (
				B402D4B42AC46D940086E43C /* AlbumFeature.swift */,
				B402D4B52AC46D940086E43C /* AlbumView.swift */,
			);
			path = Album;
			sourceTree = "<group>";
		};
		B402D4B62AC46D940086E43C /* Generation */ = {
			isa = PBXGroup;
			children = (
				B402D4B82AC46D940086E43C /* KeywordTag */,
				B402D4B72AC46D940086E43C /* ImageGenerateFeature.swift */,
				B402D4BD2AC46D940086E43C /* ImageGenerateView.swift */,
			);
			path = Generation;
			sourceTree = "<group>";
		};
		B402D4B82AC46D940086E43C /* KeywordTag */ = {
			isa = PBXGroup;
			children = (
				B402D4B92AC46D940086E43C /* KeywordTag.swift */,
				B402D4BA2AC46D940086E43C /* KeywordInputView.swift */,
				B402D4BB2AC46D940086E43C /* KeywordTagFeature.swift */,
				B402D4BC2AC46D940086E43C /* KeywordTagView.swift */,
				B47AD5C12ACD46D400D9A5FD /* TagStore.swift */,
			);
			path = KeywordTag;
			sourceTree = "<group>";
		};
/* End PBXGroup section */

/* Begin PBXNativeTarget section */
		B402D4632AC46C1D0086E43C /* Karlo */ = {
			isa = PBXNativeTarget;
			buildConfigurationList = B402D4882AC46C1E0086E43C /* Build configuration list for PBXNativeTarget "Karlo" */;
			buildPhases = (
				B402D4602AC46C1D0086E43C /* Sources */,
				B402D4612AC46C1D0086E43C /* Frameworks */,
				B402D4622AC46C1D0086E43C /* Resources */,
			);
			buildRules = (
			);
			dependencies = (
			);
			name = Karlo;
			packageProductDependencies = (
				B42067F32AC46DF5004A3BEB /* ComposableArchitecture */,
			);
			productName = Karlo;
			productReference = B402D4642AC46C1D0086E43C /* Karlo.app */;
			productType = "com.apple.product-type.application";
		};
		B402D4732AC46C1E0086E43C /* KarloTests */ = {
			isa = PBXNativeTarget;
			buildConfigurationList = B402D48B2AC46C1E0086E43C /* Build configuration list for PBXNativeTarget "KarloTests" */;
			buildPhases = (
				B402D4702AC46C1E0086E43C /* Sources */,
				B402D4712AC46C1E0086E43C /* Frameworks */,
				B402D4722AC46C1E0086E43C /* Resources */,
			);
			buildRules = (
			);
			dependencies = (
				B402D4762AC46C1E0086E43C /* PBXTargetDependency */,
			);
			name = KarloTests;
			productName = KarloTests;
			productReference = B402D4742AC46C1E0086E43C /* KarloTests.xctest */;
			productType = "com.apple.product-type.bundle.unit-test";
		};
		B402D47D2AC46C1E0086E43C /* KarloUITests */ = {
			isa = PBXNativeTarget;
			buildConfigurationList = B402D48E2AC46C1E0086E43C /* Build configuration list for PBXNativeTarget "KarloUITests" */;
			buildPhases = (
				B402D47A2AC46C1E0086E43C /* Sources */,
				B402D47B2AC46C1E0086E43C /* Frameworks */,
				B402D47C2AC46C1E0086E43C /* Resources */,
			);
			buildRules = (
			);
			dependencies = (
				B402D4802AC46C1E0086E43C /* PBXTargetDependency */,
			);
			name = KarloUITests;
			productName = KarloUITests;
			productReference = B402D47E2AC46C1E0086E43C /* KarloUITests.xctest */;
			productType = "com.apple.product-type.bundle.ui-testing";
		};
/* End PBXNativeTarget section */

/* Begin PBXProject section */
		B402D45C2AC46C1D0086E43C /* Project object */ = {
			isa = PBXProject;
			attributes = {
				BuildIndependentTargetsInParallel = 1;
				LastSwiftUpdateCheck = 1430;
				LastUpgradeCheck = 1430;
				TargetAttributes = {
					B402D4632AC46C1D0086E43C = {
						CreatedOnToolsVersion = 14.3.1;
					};
					B402D4732AC46C1E0086E43C = {
						CreatedOnToolsVersion = 14.3.1;
						TestTargetID = B402D4632AC46C1D0086E43C;
					};
					B402D47D2AC46C1E0086E43C = {
						CreatedOnToolsVersion = 14.3.1;
						TestTargetID = B402D4632AC46C1D0086E43C;
					};
				};
			};
			buildConfigurationList = B402D45F2AC46C1D0086E43C /* Build configuration list for PBXProject "Karlo" */;
			compatibilityVersion = "Xcode 14.0";
			developmentRegion = en;
			hasScannedForEncodings = 0;
			knownRegions = (
				en,
				Base,
			);
			mainGroup = B402D45B2AC46C1D0086E43C;
			packageReferences = (
				B42067F22AC46DF5004A3BEB /* XCRemoteSwiftPackageReference "swift-composable-architecture" */,
			);
			productRefGroup = B402D4652AC46C1D0086E43C /* Products */;
			projectDirPath = "";
			projectRoot = "";
			targets = (
				B402D4632AC46C1D0086E43C /* Karlo */,
				B402D4732AC46C1E0086E43C /* KarloTests */,
				B402D47D2AC46C1E0086E43C /* KarloUITests */,
			);
		};
/* End PBXProject section */

/* Begin PBXResourcesBuildPhase section */
		B402D4622AC46C1D0086E43C /* Resources */ = {
			isa = PBXResourcesBuildPhase;
			buildActionMask = 2147483647;
			files = (
				B402D4CC2AC46D950086E43C /* Secret.plist in Resources */,
				B402D4CA2AC46D950086E43C /* SampleImageData.txt in Resources */,
				B42067F12AC46DD2004A3BEB /* Preview Assets.xcassets in Resources */,
				B402D4CB2AC46D950086E43C /* Assets.xcassets in Resources */,
			);
			runOnlyForDeploymentPostprocessing = 0;
		};
		B402D4722AC46C1E0086E43C /* Resources */ = {
			isa = PBXResourcesBuildPhase;
			buildActionMask = 2147483647;
			files = (
			);
			runOnlyForDeploymentPostprocessing = 0;
		};
		B402D47C2AC46C1E0086E43C /* Resources */ = {
			isa = PBXResourcesBuildPhase;
			buildActionMask = 2147483647;
			files = (
			);
			runOnlyForDeploymentPostprocessing = 0;
		};
/* End PBXResourcesBuildPhase section */

/* Begin PBXSourcesBuildPhase section */
		B402D4602AC46C1D0086E43C /* Sources */ = {
			isa = PBXSourcesBuildPhase;
			buildActionMask = 2147483647;
			files = (
				B402D4C42AC46D950086E43C /* ImageConfiguration.swift in Sources */,
				B402D4C82AC46D950086E43C /* AppConstant.swift in Sources */,
				B402D4D52AC46D950086E43C /* AlbumFeature.swift in Sources */,
				B402D4D72AC46D950086E43C /* ImageGenerateFeature.swift in Sources */,
				B402D4D62AC46D950086E43C /* AlbumView.swift in Sources */,
				B402D4BE2AC46D950086E43C /* APIConstant.swift in Sources */,
				B47AD5C22ACD46D400D9A5FD /* TagStore.swift in Sources */,
				B402D4D12AC46D950086E43C /* URLRequest+.swift in Sources */,
				B402D4CD2AC46D950086E43C /* ImageManager.swift in Sources */,
				B402D4D32AC46D950086E43C /* Root.swift in Sources */,
				B402D4D42AC46D950086E43C /* RootView.swift in Sources */,
				B402D4BF2AC46D950086E43C /* SampleData.swift in Sources */,
				B402D4C22AC46D950086E43C /* KarloResponse.swift in Sources */,
				B402D4C62AC46D950086E43C /* KeywordError.swift in Sources */,
				B402D4DB2AC46D950086E43C /* KeywordTagView.swift in Sources */,
				B402D4C92AC46D950086E43C /* KarloApp.swift in Sources */,
				B402D4DA2AC46D950086E43C /* KeywordTagFeature.swift in Sources */,
				B402D4D22AC46D950086E43C /* UIScreen+.swift in Sources */,
				B402D4C52AC46D950086E43C /* ImageSaveError.swift in Sources */,
				B402D4D02AC46D950086E43C /* Bundle+.swift in Sources */,
				B402D4D92AC46D950086E43C /* KeywordInputView.swift in Sources */,
				B402D4CF2AC46D950086E43C /* URL+.swift in Sources */,
				B402D4D82AC46D950086E43C /* KeywordTag.swift in Sources */,
				B402D4C72AC46D950086E43C /* NetworkError.swift in Sources */,
				B402D4CE2AC46D950086E43C /* String+.swift in Sources */,
				B402D4C02AC46D950086E43C /* KarloAPIService.swift in Sources */,
				B402D4C32AC46D950086E43C /* ImageTransformation.swift in Sources */,
				B402D4DC2AC46D950086E43C /* ImageGenerateView.swift in Sources */,
			);
			runOnlyForDeploymentPostprocessing = 0;
		};
		B402D4702AC46C1E0086E43C /* Sources */ = {
			isa = PBXSourcesBuildPhase;
			buildActionMask = 2147483647;
			files = (
				B42067F62AC46F58004A3BEB /* ImageGenerationFeatureTests.swift in Sources */,
				B48913F12AC805E00032C74C /* KeywordTagFeatureTests.swift in Sources */,
			);
			runOnlyForDeploymentPostprocessing = 0;
		};
		B402D47A2AC46C1E0086E43C /* Sources */ = {
			isa = PBXSourcesBuildPhase;
			buildActionMask = 2147483647;
			files = (
				B402D4852AC46C1E0086E43C /* KarloUITestsLaunchTests.swift in Sources */,
				B402D4832AC46C1E0086E43C /* KarloUITests.swift in Sources */,
			);
			runOnlyForDeploymentPostprocessing = 0;
		};
/* End PBXSourcesBuildPhase section */

/* Begin PBXTargetDependency section */
		B402D4762AC46C1E0086E43C /* PBXTargetDependency */ = {
			isa = PBXTargetDependency;
			target = B402D4632AC46C1D0086E43C /* Karlo */;
			targetProxy = B402D4752AC46C1E0086E43C /* PBXContainerItemProxy */;
		};
		B402D4802AC46C1E0086E43C /* PBXTargetDependency */ = {
			isa = PBXTargetDependency;
			target = B402D4632AC46C1D0086E43C /* Karlo */;
			targetProxy = B402D47F2AC46C1E0086E43C /* PBXContainerItemProxy */;
		};
/* End PBXTargetDependency section */

/* Begin XCBuildConfiguration section */
		B402D4862AC46C1E0086E43C /* Debug */ = {
			isa = XCBuildConfiguration;
			buildSettings = {
				ALWAYS_SEARCH_USER_PATHS = NO;
				CLANG_ANALYZER_NONNULL = YES;
				CLANG_ANALYZER_NUMBER_OBJECT_CONVERSION = YES_AGGRESSIVE;
				CLANG_CXX_LANGUAGE_STANDARD = "gnu++20";
				CLANG_ENABLE_MODULES = YES;
				CLANG_ENABLE_OBJC_ARC = YES;
				CLANG_ENABLE_OBJC_WEAK = YES;
				CLANG_WARN_BLOCK_CAPTURE_AUTORELEASING = YES;
				CLANG_WARN_BOOL_CONVERSION = YES;
				CLANG_WARN_COMMA = YES;
				CLANG_WARN_CONSTANT_CONVERSION = YES;
				CLANG_WARN_DEPRECATED_OBJC_IMPLEMENTATIONS = YES;
				CLANG_WARN_DIRECT_OBJC_ISA_USAGE = YES_ERROR;
				CLANG_WARN_DOCUMENTATION_COMMENTS = YES;
				CLANG_WARN_EMPTY_BODY = YES;
				CLANG_WARN_ENUM_CONVERSION = YES;
				CLANG_WARN_INFINITE_RECURSION = YES;
				CLANG_WARN_INT_CONVERSION = YES;
				CLANG_WARN_NON_LITERAL_NULL_CONVERSION = YES;
				CLANG_WARN_OBJC_IMPLICIT_RETAIN_SELF = YES;
				CLANG_WARN_OBJC_LITERAL_CONVERSION = YES;
				CLANG_WARN_OBJC_ROOT_CLASS = YES_ERROR;
				CLANG_WARN_QUOTED_INCLUDE_IN_FRAMEWORK_HEADER = YES;
				CLANG_WARN_RANGE_LOOP_ANALYSIS = YES;
				CLANG_WARN_STRICT_PROTOTYPES = YES;
				CLANG_WARN_SUSPICIOUS_MOVE = YES;
				CLANG_WARN_UNGUARDED_AVAILABILITY = YES_AGGRESSIVE;
				CLANG_WARN_UNREACHABLE_CODE = YES;
				CLANG_WARN__DUPLICATE_METHOD_MATCH = YES;
				COPY_PHASE_STRIP = NO;
				DEBUG_INFORMATION_FORMAT = dwarf;
				ENABLE_STRICT_OBJC_MSGSEND = YES;
				ENABLE_TESTABILITY = YES;
				GCC_C_LANGUAGE_STANDARD = gnu11;
				GCC_DYNAMIC_NO_PIC = NO;
				GCC_NO_COMMON_BLOCKS = YES;
				GCC_OPTIMIZATION_LEVEL = 0;
				GCC_PREPROCESSOR_DEFINITIONS = (
					"DEBUG=1",
					"$(inherited)",
				);
				GCC_WARN_64_TO_32_BIT_CONVERSION = YES;
				GCC_WARN_ABOUT_RETURN_TYPE = YES_ERROR;
				GCC_WARN_UNDECLARED_SELECTOR = YES;
				GCC_WARN_UNINITIALIZED_AUTOS = YES_AGGRESSIVE;
				GCC_WARN_UNUSED_FUNCTION = YES;
				GCC_WARN_UNUSED_VARIABLE = YES;
				IPHONEOS_DEPLOYMENT_TARGET = 16.4;
				MTL_ENABLE_DEBUG_INFO = INCLUDE_SOURCE;
				MTL_FAST_MATH = YES;
				ONLY_ACTIVE_ARCH = YES;
				SDKROOT = iphoneos;
				SWIFT_ACTIVE_COMPILATION_CONDITIONS = DEBUG;
				SWIFT_OPTIMIZATION_LEVEL = "-Onone";
			};
			name = Debug;
		};
		B402D4872AC46C1E0086E43C /* Release */ = {
			isa = XCBuildConfiguration;
			buildSettings = {
				ALWAYS_SEARCH_USER_PATHS = NO;
				CLANG_ANALYZER_NONNULL = YES;
				CLANG_ANALYZER_NUMBER_OBJECT_CONVERSION = YES_AGGRESSIVE;
				CLANG_CXX_LANGUAGE_STANDARD = "gnu++20";
				CLANG_ENABLE_MODULES = YES;
				CLANG_ENABLE_OBJC_ARC = YES;
				CLANG_ENABLE_OBJC_WEAK = YES;
				CLANG_WARN_BLOCK_CAPTURE_AUTORELEASING = YES;
				CLANG_WARN_BOOL_CONVERSION = YES;
				CLANG_WARN_COMMA = YES;
				CLANG_WARN_CONSTANT_CONVERSION = YES;
				CLANG_WARN_DEPRECATED_OBJC_IMPLEMENTATIONS = YES;
				CLANG_WARN_DIRECT_OBJC_ISA_USAGE = YES_ERROR;
				CLANG_WARN_DOCUMENTATION_COMMENTS = YES;
				CLANG_WARN_EMPTY_BODY = YES;
				CLANG_WARN_ENUM_CONVERSION = YES;
				CLANG_WARN_INFINITE_RECURSION = YES;
				CLANG_WARN_INT_CONVERSION = YES;
				CLANG_WARN_NON_LITERAL_NULL_CONVERSION = YES;
				CLANG_WARN_OBJC_IMPLICIT_RETAIN_SELF = YES;
				CLANG_WARN_OBJC_LITERAL_CONVERSION = YES;
				CLANG_WARN_OBJC_ROOT_CLASS = YES_ERROR;
				CLANG_WARN_QUOTED_INCLUDE_IN_FRAMEWORK_HEADER = YES;
				CLANG_WARN_RANGE_LOOP_ANALYSIS = YES;
				CLANG_WARN_STRICT_PROTOTYPES = YES;
				CLANG_WARN_SUSPICIOUS_MOVE = YES;
				CLANG_WARN_UNGUARDED_AVAILABILITY = YES_AGGRESSIVE;
				CLANG_WARN_UNREACHABLE_CODE = YES;
				CLANG_WARN__DUPLICATE_METHOD_MATCH = YES;
				COPY_PHASE_STRIP = NO;
				DEBUG_INFORMATION_FORMAT = "dwarf-with-dsym";
				ENABLE_NS_ASSERTIONS = NO;
				ENABLE_STRICT_OBJC_MSGSEND = YES;
				GCC_C_LANGUAGE_STANDARD = gnu11;
				GCC_NO_COMMON_BLOCKS = YES;
				GCC_WARN_64_TO_32_BIT_CONVERSION = YES;
				GCC_WARN_ABOUT_RETURN_TYPE = YES_ERROR;
				GCC_WARN_UNDECLARED_SELECTOR = YES;
				GCC_WARN_UNINITIALIZED_AUTOS = YES_AGGRESSIVE;
				GCC_WARN_UNUSED_FUNCTION = YES;
				GCC_WARN_UNUSED_VARIABLE = YES;
				IPHONEOS_DEPLOYMENT_TARGET = 16.4;
				MTL_ENABLE_DEBUG_INFO = NO;
				MTL_FAST_MATH = YES;
				SDKROOT = iphoneos;
				SWIFT_COMPILATION_MODE = wholemodule;
				SWIFT_OPTIMIZATION_LEVEL = "-O";
				VALIDATE_PRODUCT = YES;
			};
			name = Release;
		};
		B402D4892AC46C1E0086E43C /* Debug */ = {
			isa = XCBuildConfiguration;
			buildSettings = {
				ASSETCATALOG_COMPILER_APPICON_NAME = AppIcon;
				ASSETCATALOG_COMPILER_GLOBAL_ACCENT_COLOR_NAME = AccentColor;
				CODE_SIGN_STYLE = Automatic;
				CURRENT_PROJECT_VERSION = 1;
				DEVELOPMENT_ASSET_PATHS = "\"Karlo/Preview Content\"";
				DEVELOPMENT_TEAM = 7T7HF9QMND;
				ENABLE_PREVIEWS = YES;
				GENERATE_INFOPLIST_FILE = YES;
				INFOPLIST_KEY_UIApplicationSceneManifest_Generation = YES;
				INFOPLIST_KEY_UIApplicationSupportsIndirectInputEvents = YES;
				INFOPLIST_KEY_UILaunchScreen_Generation = YES;
				INFOPLIST_KEY_UISupportedInterfaceOrientations_iPad = "UIInterfaceOrientationPortrait UIInterfaceOrientationPortraitUpsideDown UIInterfaceOrientationLandscapeLeft UIInterfaceOrientationLandscapeRight";
				INFOPLIST_KEY_UISupportedInterfaceOrientations_iPhone = "UIInterfaceOrientationPortrait UIInterfaceOrientationLandscapeLeft UIInterfaceOrientationLandscapeRight";
				IPHONEOS_DEPLOYMENT_TARGET = 16.0;
				LD_RUNPATH_SEARCH_PATHS = (
					"$(inherited)",
					"@executable_path/Frameworks",
				);
				MARKETING_VERSION = 1.0;
				PRODUCT_BUNDLE_IDENTIFIER = main.Karlo;
				PRODUCT_NAME = "$(TARGET_NAME)";
				SWIFT_EMIT_LOC_STRINGS = YES;
				SWIFT_VERSION = 5.0;
				TARGETED_DEVICE_FAMILY = "1,2";
			};
			name = Debug;
		};
		B402D48A2AC46C1E0086E43C /* Release */ = {
			isa = XCBuildConfiguration;
			buildSettings = {
				ASSETCATALOG_COMPILER_APPICON_NAME = AppIcon;
				ASSETCATALOG_COMPILER_GLOBAL_ACCENT_COLOR_NAME = AccentColor;
				CODE_SIGN_STYLE = Automatic;
				CURRENT_PROJECT_VERSION = 1;
				DEVELOPMENT_ASSET_PATHS = "\"Karlo/Preview Content\"";
				DEVELOPMENT_TEAM = 7T7HF9QMND;
				ENABLE_PREVIEWS = YES;
				GENERATE_INFOPLIST_FILE = YES;
				INFOPLIST_KEY_UIApplicationSceneManifest_Generation = YES;
				INFOPLIST_KEY_UIApplicationSupportsIndirectInputEvents = YES;
				INFOPLIST_KEY_UILaunchScreen_Generation = YES;
				INFOPLIST_KEY_UISupportedInterfaceOrientations_iPad = "UIInterfaceOrientationPortrait UIInterfaceOrientationPortraitUpsideDown UIInterfaceOrientationLandscapeLeft UIInterfaceOrientationLandscapeRight";
				INFOPLIST_KEY_UISupportedInterfaceOrientations_iPhone = "UIInterfaceOrientationPortrait UIInterfaceOrientationLandscapeLeft UIInterfaceOrientationLandscapeRight";
				IPHONEOS_DEPLOYMENT_TARGET = 16.0;
				LD_RUNPATH_SEARCH_PATHS = (
					"$(inherited)",
					"@executable_path/Frameworks",
				);
				MARKETING_VERSION = 1.0;
				PRODUCT_BUNDLE_IDENTIFIER = main.Karlo;
				PRODUCT_NAME = "$(TARGET_NAME)";
				SWIFT_EMIT_LOC_STRINGS = YES;
				SWIFT_VERSION = 5.0;
				TARGETED_DEVICE_FAMILY = "1,2";
			};
			name = Release;
		};
		B402D48C2AC46C1E0086E43C /* Debug */ = {
			isa = XCBuildConfiguration;
			buildSettings = {
				ALWAYS_EMBED_SWIFT_STANDARD_LIBRARIES = YES;
				BUNDLE_LOADER = "$(TEST_HOST)";
				CODE_SIGN_STYLE = Automatic;
				CURRENT_PROJECT_VERSION = 1;
				DEVELOPMENT_TEAM = 7T7HF9QMND;
				GENERATE_INFOPLIST_FILE = YES;
				IPHONEOS_DEPLOYMENT_TARGET = 16.4;
				MARKETING_VERSION = 1.0;
				PRODUCT_BUNDLE_IDENTIFIER = main.KarloTests;
				PRODUCT_NAME = "$(TARGET_NAME)";
				SWIFT_EMIT_LOC_STRINGS = NO;
				SWIFT_VERSION = 5.0;
				TARGETED_DEVICE_FAMILY = "1,2";
				TEST_HOST = "$(BUILT_PRODUCTS_DIR)/Karlo.app/$(BUNDLE_EXECUTABLE_FOLDER_PATH)/Karlo";
			};
			name = Debug;
		};
		B402D48D2AC46C1E0086E43C /* Release */ = {
			isa = XCBuildConfiguration;
			buildSettings = {
				ALWAYS_EMBED_SWIFT_STANDARD_LIBRARIES = YES;
				BUNDLE_LOADER = "$(TEST_HOST)";
				CODE_SIGN_STYLE = Automatic;
				CURRENT_PROJECT_VERSION = 1;
				DEVELOPMENT_TEAM = 7T7HF9QMND;
				GENERATE_INFOPLIST_FILE = YES;
				IPHONEOS_DEPLOYMENT_TARGET = 16.4;
				MARKETING_VERSION = 1.0;
				PRODUCT_BUNDLE_IDENTIFIER = main.KarloTests;
				PRODUCT_NAME = "$(TARGET_NAME)";
				SWIFT_EMIT_LOC_STRINGS = NO;
				SWIFT_VERSION = 5.0;
				TARGETED_DEVICE_FAMILY = "1,2";
				TEST_HOST = "$(BUILT_PRODUCTS_DIR)/Karlo.app/$(BUNDLE_EXECUTABLE_FOLDER_PATH)/Karlo";
			};
			name = Release;
		};
		B402D48F2AC46C1E0086E43C /* Debug */ = {
			isa = XCBuildConfiguration;
			buildSettings = {
				ALWAYS_EMBED_SWIFT_STANDARD_LIBRARIES = YES;
				CODE_SIGN_STYLE = Automatic;
				CURRENT_PROJECT_VERSION = 1;
				DEVELOPMENT_TEAM = 7T7HF9QMND;
				GENERATE_INFOPLIST_FILE = YES;
				MARKETING_VERSION = 1.0;
				PRODUCT_BUNDLE_IDENTIFIER = main.KarloUITests;
				PRODUCT_NAME = "$(TARGET_NAME)";
				SWIFT_EMIT_LOC_STRINGS = NO;
				SWIFT_VERSION = 5.0;
				TARGETED_DEVICE_FAMILY = "1,2";
				TEST_TARGET_NAME = Karlo;
			};
			name = Debug;
		};
		B402D4902AC46C1E0086E43C /* Release */ = {
			isa = XCBuildConfiguration;
			buildSettings = {
				ALWAYS_EMBED_SWIFT_STANDARD_LIBRARIES = YES;
				CODE_SIGN_STYLE = Automatic;
				CURRENT_PROJECT_VERSION = 1;
				DEVELOPMENT_TEAM = 7T7HF9QMND;
				GENERATE_INFOPLIST_FILE = YES;
				MARKETING_VERSION = 1.0;
				PRODUCT_BUNDLE_IDENTIFIER = main.KarloUITests;
				PRODUCT_NAME = "$(TARGET_NAME)";
				SWIFT_EMIT_LOC_STRINGS = NO;
				SWIFT_VERSION = 5.0;
				TARGETED_DEVICE_FAMILY = "1,2";
				TEST_TARGET_NAME = Karlo;
			};
			name = Release;
		};
/* End XCBuildConfiguration section */

/* Begin XCConfigurationList section */
		B402D45F2AC46C1D0086E43C /* Build configuration list for PBXProject "Karlo" */ = {
			isa = XCConfigurationList;
			buildConfigurations = (
				B402D4862AC46C1E0086E43C /* Debug */,
				B402D4872AC46C1E0086E43C /* Release */,
			);
			defaultConfigurationIsVisible = 0;
			defaultConfigurationName = Release;
		};
		B402D4882AC46C1E0086E43C /* Build configuration list for PBXNativeTarget "Karlo" */ = {
			isa = XCConfigurationList;
			buildConfigurations = (
				B402D4892AC46C1E0086E43C /* Debug */,
				B402D48A2AC46C1E0086E43C /* Release */,
			);
			defaultConfigurationIsVisible = 0;
			defaultConfigurationName = Release;
		};
		B402D48B2AC46C1E0086E43C /* Build configuration list for PBXNativeTarget "KarloTests" */ = {
			isa = XCConfigurationList;
			buildConfigurations = (
				B402D48C2AC46C1E0086E43C /* Debug */,
				B402D48D2AC46C1E0086E43C /* Release */,
			);
			defaultConfigurationIsVisible = 0;
			defaultConfigurationName = Release;
		};
		B402D48E2AC46C1E0086E43C /* Build configuration list for PBXNativeTarget "KarloUITests" */ = {
			isa = XCConfigurationList;
			buildConfigurations = (
				B402D48F2AC46C1E0086E43C /* Debug */,
				B402D4902AC46C1E0086E43C /* Release */,
			);
			defaultConfigurationIsVisible = 0;
			defaultConfigurationName = Release;
		};
/* End XCConfigurationList section */

/* Begin XCRemoteSwiftPackageReference section */
		B42067F22AC46DF5004A3BEB /* XCRemoteSwiftPackageReference "swift-composable-architecture" */ = {
			isa = XCRemoteSwiftPackageReference;
			repositoryURL = "https://github.com/pointfreeco/swift-composable-architecture";
			requirement = {
				kind = upToNextMajorVersion;
				minimumVersion = 1.0.0;
			};
		};
/* End XCRemoteSwiftPackageReference section */

/* Begin XCSwiftPackageProductDependency section */
		B42067F32AC46DF5004A3BEB /* ComposableArchitecture */ = {
			isa = XCSwiftPackageProductDependency;
			package = B42067F22AC46DF5004A3BEB /* XCRemoteSwiftPackageReference "swift-composable-architecture" */;
			productName = ComposableArchitecture;
		};
/* End XCSwiftPackageProductDependency section */
	};
	rootObject = B402D45C2AC46C1D0086E43C /* Project object */;
}
